Microsoft Visual Studio Solution File, Format Version 12.00
# Visual Studio Version 17
VisualStudioVersion = 17.5.2.0
MinimumVisualStudioVersion = 10.0.40219.1
Project("{FAE04EC0-301F-11D3-BF4B-00C04F79EFBC}") = "sortx", "sortx.csproj", "{7C5C6D81-BAE2-8BAD-A351-070FEC761376}"
EndProject
Global
	GlobalSection(SolutionConfigurationPlatforms) = preSolution
		Debug|Any CPU = Debug|Any CPU
		Release|Any CPU = Release|Any CPU
	EndGlobalSection
	GlobalSection(ProjectConfigurationPlatforms) = postSolution
		{7C5C6D81-BAE2-8BAD-A351-070FEC761376}.Debug|Any CPU.ActiveCfg = Debug|Any CPU
		{7C5C6D81-BAE2-8BAD-A351-070FEC761376}.Debug|Any CPU.Build.0 = Debug|Any CPU
		{7C5C6D81-BAE2-8BAD-A351-070FEC761376}.Release|Any CPU.ActiveCfg = Release|Any CPU
		{7C5C6D81-BAE2-8BAD-A351-070FEC761376}.Release|Any CPU.Build.0 = Release|Any CPU
	EndGlobalSection
	GlobalSection(SolutionProperties) = preSolution
		HideSolutionNode = FALSE
	EndGlobalSection
	GlobalSection(ExtensibilityGlobals) = postSolution
		SolutionGuid = {DAE9773B-7D31-4971-AF97-7A4B94539BBB}
	EndGlobalSection
EndGlobal
